
Microsoft Visual Studio Solution File, Format Version 12.00
# Visual Studio Version 17
VisualStudioVersion = 17.3.32929.385
MinimumVisualStudioVersion = 10.0.40219.1
Project("{FAE04EC0-301F-11D3-BF4B-00C04F79EFBC}") = "18.EstructuraDatos_boleta_venta", "18.EstructuraDatos_boleta_venta\18.EstructuraDatos_boleta_venta.csproj", "{A8326BCF-247B-4ED7-824A-49113A43F6A4}"
EndProject
Global
	GlobalSection(SolutionConfigurationPlatforms) = preSolution
		Debug|Any CPU = Debug|Any CPU
		Release|Any CPU = Release|Any CPU
	EndGlobalSection
	GlobalSection(ProjectConfigurationPlatforms) = postSolution
		{A8326BCF-247B-4ED7-824A-49113A43F6A4}.Debug|Any CPU.ActiveCfg = Debug|Any CPU
		{A8326BCF-247B-4ED7-824A-49113A43F6A4}.Debug|Any CPU.Build.0 = Debug|Any CPU
		{A8326BCF-247B-4ED7-824A-49113A43F6A4}.Release|Any CPU.ActiveCfg = Release|Any CPU
		{A8326BCF-247B-4ED7-824A-49113A43F6A4}.Release|Any CPU.Build.0 = Release|Any CPU
	EndGlobalSection
	GlobalSection(SolutionProperties) = preSolution
		HideSolutionNode = FALSE
	EndGlobalSection
	GlobalSection(ExtensibilityGlobals) = postSolution
		SolutionGuid = {173655E0-BD9A-4F33-A1B3-7DAB49030205}
	EndGlobalSection
EndGlobal
